// !$*UTF8*$!
{
	archiveVersion = 1;
	classes = {
	};
	objectVersion = 77;
	objects = {

/* Begin PBXBuildFile section */
		66B69CF02D94DCE400F63B48 /* PartTypes.swift in Sources */ = {isa = PBXBuildFile; fileRef = 66B69CED2D94DCE400F63B48 /* PartTypes.swift */; };
		66B69CFF2D94EA1C00F63B48 /* PartTypes.swift in Sources */ = {isa = PBXBuildFile; fileRef = 66B69CED2D94DCE400F63B48 /* PartTypes.swift */; };
		66B69D072D94EA6800F63B48 /* Utils.swift in Sources */ = {isa = PBXBuildFile; fileRef = 66B69D062D94EA6800F63B48 /* Utils.swift */; };
		66B69D082D94EA6800F63B48 /* Utils.swift in Sources */ = {isa = PBXBuildFile; fileRef = 66B69D062D94EA6800F63B48 /* Utils.swift */; };
		66E5E76C2D95A8A7000D95E2 /* ResultTypes.swift in Sources */ = {isa = PBXBuildFile; fileRef = 66E5E76B2D95A8A7000D95E2 /* ResultTypes.swift */; };
		66E5E76D2D95A8A7000D95E2 /* ResultTypes.swift in Sources */ = {isa = PBXBuildFile; fileRef = 66E5E76B2D95A8A7000D95E2 /* ResultTypes.swift */; };
		66E5E76F2D95BA77000D95E2 /* Days.swift in Sources */ = {isa = PBXBuildFile; fileRef = 66E5E76E2D95BA77000D95E2 /* Days.swift */; };
		66E5E7702D95BA77000D95E2 /* Days.swift in Sources */ = {isa = PBXBuildFile; fileRef = 66E5E76E2D95BA77000D95E2 /* Days.swift */; };
		66E5E7722D95BB0C000D95E2 /* PartRunner.swift in Sources */ = {isa = PBXBuildFile; fileRef = 66E5E7712D95BB0C000D95E2 /* PartRunner.swift */; };
		66E5E7732D95BB0C000D95E2 /* PartRunner.swift in Sources */ = {isa = PBXBuildFile; fileRef = 66E5E7712D95BB0C000D95E2 /* PartRunner.swift */; };
/* End PBXBuildFile section */

/* Begin PBXCopyFilesBuildPhase section */
		66E5E7462D9354F0000D95E2 /* CopyFiles */ = {
			isa = PBXCopyFilesBuildPhase;
			buildActionMask = 2147483647;
			dstPath = /usr/share/man/man1/;
			dstSubfolderSpec = 0;
			files = (
			);
			runOnlyForDeploymentPostprocessing = 1;
		};
/* End PBXCopyFilesBuildPhase section */

/* Begin PBXFileReference section */
		66B69CED2D94DCE400F63B48 /* PartTypes.swift */ = {isa = PBXFileReference; lastKnownFileType = sourcecode.swift; path = PartTypes.swift; sourceTree = "<group>"; };
		66B69CF72D94E71100F63B48 /* AoC-Tests.xctest */ = {isa = PBXFileReference; explicitFileType = wrapper.cfbundle; includeInIndex = 0; path = "AoC-Tests.xctest"; sourceTree = BUILT_PRODUCTS_DIR; };
		66B69D062D94EA6800F63B48 /* Utils.swift */ = {isa = PBXFileReference; lastKnownFileType = sourcecode.swift; path = Utils.swift; sourceTree = "<group>"; };
		66E5E7482D9354F0000D95E2 /* AoC */ = {isa = PBXFileReference; explicitFileType = "compiled.mach-o.executable"; includeInIndex = 0; path = AoC; sourceTree = BUILT_PRODUCTS_DIR; };
		66E5E76B2D95A8A7000D95E2 /* ResultTypes.swift */ = {isa = PBXFileReference; lastKnownFileType = sourcecode.swift; path = ResultTypes.swift; sourceTree = "<group>"; };
		66E5E76E2D95BA77000D95E2 /* Days.swift */ = {isa = PBXFileReference; lastKnownFileType = sourcecode.swift; name = Days.swift; path = Input/Days.swift; sourceTree = SOURCE_ROOT; };
		66E5E7712D95BB0C000D95E2 /* PartRunner.swift */ = {isa = PBXFileReference; lastKnownFileType = sourcecode.swift; path = PartRunner.swift; sourceTree = "<group>"; };
/* End PBXFileReference section */

/* Begin PBXFileSystemSynchronizedBuildFileExceptionSet section */
		66B69D002D94EA1C00F63B48 /* Exceptions for "AoC" folder in "AoC-Tests" target */ = {
			isa = PBXFileSystemSynchronizedBuildFileExceptionSet;
			membershipExceptions = (
				Day01.swift,
			);
			target = 66B69CF62D94E71100F63B48 /* AoC-Tests */;
		};
/* End PBXFileSystemSynchronizedBuildFileExceptionSet section */

/* Begin PBXFileSystemSynchronizedRootGroup section */
		66B69CF82D94E71100F63B48 /* Tests */ = {
			isa = PBXFileSystemSynchronizedRootGroup;
			path = Tests;
			sourceTree = "<group>";
		};
		66E5E74A2D9354F0000D95E2 /* AoC */ = {
			isa = PBXFileSystemSynchronizedRootGroup;
			exceptions = (
				66B69D002D94EA1C00F63B48 /* Exceptions for "AoC" folder in "AoC-Tests" target */,
			);
			path = AoC;
			sourceTree = "<group>";
		};
/* End PBXFileSystemSynchronizedRootGroup section */

/* Begin PBXFrameworksBuildPhase section */
		66B69CF42D94E71100F63B48 /* Frameworks */ = {
			isa = PBXFrameworksBuildPhase;
			buildActionMask = 2147483647;
			files = (
			);
			runOnlyForDeploymentPostprocessing = 0;
		};
		66E5E7452D9354F0000D95E2 /* Frameworks */ = {
			isa = PBXFrameworksBuildPhase;
			buildActionMask = 2147483647;
			files = (
			);
			runOnlyForDeploymentPostprocessing = 0;
		};
/* End PBXFrameworksBuildPhase section */

/* Begin PBXGroup section */
		66B69D092D94EAD900F63B48 /* Utils */ = {
			isa = PBXGroup;
			children = (
				66E5E76E2D95BA77000D95E2 /* Days.swift */,
				66E5E7712D95BB0C000D95E2 /* PartRunner.swift */,
				66B69CED2D94DCE400F63B48 /* PartTypes.swift */,
				66E5E76B2D95A8A7000D95E2 /* ResultTypes.swift */,
				66B69D062D94EA6800F63B48 /* Utils.swift */,
			);
			path = Utils;
			sourceTree = "<group>";
		};
		66E5E73F2D9354F0000D95E2 = {
			isa = PBXGroup;
			children = (
				66B69D092D94EAD900F63B48 /* Utils */,
				66E5E74A2D9354F0000D95E2 /* AoC */,
				66B69CF82D94E71100F63B48 /* Tests */,
				66E5E7492D9354F0000D95E2 /* Products */,
			);
			sourceTree = "<group>";
		};
		66E5E7492D9354F0000D95E2 /* Products */ = {
			isa = PBXGroup;
			children = (
				66E5E7482D9354F0000D95E2 /* AoC */,
				66B69CF72D94E71100F63B48 /* AoC-Tests.xctest */,
			);
			name = Products;
			sourceTree = "<group>";
		};
/* End PBXGroup section */

/* Begin PBXNativeTarget section */
		66B69CF62D94E71100F63B48 /* AoC-Tests */ = {
			isa = PBXNativeTarget;
			buildConfigurationList = 66B69CFB2D94E71100F63B48 /* Build configuration list for PBXNativeTarget "AoC-Tests" */;
			buildPhases = (
				66B69CF32D94E71100F63B48 /* Sources */,
				66B69CF42D94E71100F63B48 /* Frameworks */,
				66B69CF52D94E71100F63B48 /* Resources */,
			);
			buildRules = (
			);
			dependencies = (
			);
			fileSystemSynchronizedGroups = (
				66B69CF82D94E71100F63B48 /* Tests */,
			);
			name = "AoC-Tests";
			packageProductDependencies = (
			);
			productName = "AoC-Tests";
			productReference = 66B69CF72D94E71100F63B48 /* AoC-Tests.xctest */;
			productType = "com.apple.product-type.bundle.unit-test";
		};
		66E5E7472D9354F0000D95E2 /* AoC */ = {
			isa = PBXNativeTarget;
			buildConfigurationList = 66E5E74F2D9354F0000D95E2 /* Build configuration list for PBXNativeTarget "AoC" */;
			buildPhases = (
				66E5E7442D9354F0000D95E2 /* Sources */,
				66E5E7452D9354F0000D95E2 /* Frameworks */,
				66E5E7462D9354F0000D95E2 /* CopyFiles */,
			);
			buildRules = (
			);
			dependencies = (
			);
			fileSystemSynchronizedGroups = (
				66E5E74A2D9354F0000D95E2 /* AoC */,
			);
			name = AoC;
			packageProductDependencies = (
			);
			productName = AoC;
			productReference = 66E5E7482D9354F0000D95E2 /* AoC */;
			productType = "com.apple.product-type.tool";
		};
/* End PBXNativeTarget section */

/* Begin PBXProject section */
		66E5E7402D9354F0000D95E2 /* Project object */ = {
			isa = PBXProject;
			attributes = {
				BuildIndependentTargetsInParallel = 1;
				LastSwiftUpdateCheck = 1620;
				LastUpgradeCheck = 1620;
				TargetAttributes = {
					66B69CF62D94E71100F63B48 = {
						CreatedOnToolsVersion = 16.2;
					};
					66E5E7472D9354F0000D95E2 = {
						CreatedOnToolsVersion = 16.2;
					};
				};
			};
			buildConfigurationList = 66E5E7432D9354F0000D95E2 /* Build configuration list for PBXProject "AoC" */;
			developmentRegion = en;
			hasScannedForEncodings = 0;
			knownRegions = (
				en,
				Base,
			);
			mainGroup = 66E5E73F2D9354F0000D95E2;
			minimizedProjectReferenceProxies = 1;
			preferredProjectObjectVersion = 77;
			productRefGroup = 66E5E7492D9354F0000D95E2 /* Products */;
			projectDirPath = "";
			projectRoot = "";
			targets = (
				66E5E7472D9354F0000D95E2 /* AoC */,
				66B69CF62D94E71100F63B48 /* AoC-Tests */,
			);
		};
/* End PBXProject section */

/* Begin PBXResourcesBuildPhase section */
		66B69CF52D94E71100F63B48 /* Resources */ = {
			isa = PBXResourcesBuildPhase;
			buildActionMask = 2147483647;
			files = (
			);
			runOnlyForDeploymentPostprocessing = 0;
		};
/* End PBXResourcesBuildPhase section */

/* Begin PBXSourcesBuildPhase section */
		66B69CF32D94E71100F63B48 /* Sources */ = {
			isa = PBXSourcesBuildPhase;
			buildActionMask = 2147483647;
			files = (
				66B69CFF2D94EA1C00F63B48 /* PartTypes.swift in Sources */,
				66E5E7722D95BB0C000D95E2 /* PartRunner.swift in Sources */,
				66B69D072D94EA6800F63B48 /* Utils.swift in Sources */,
				66E5E76C2D95A8A7000D95E2 /* ResultTypes.swift in Sources */,
				66E5E76F2D95BA77000D95E2 /* Days.swift in Sources */,
			);
			runOnlyForDeploymentPostprocessing = 0;
		};
		66E5E7442D9354F0000D95E2 /* Sources */ = {
			isa = PBXSourcesBuildPhase;
			buildActionMask = 2147483647;
			files = (
				66E5E7732D95BB0C000D95E2 /* PartRunner.swift in Sources */,
				66B69CF02D94DCE400F63B48 /* PartTypes.swift in Sources */,
				66E5E76D2D95A8A7000D95E2 /* ResultTypes.swift in Sources */,
				66E5E7702D95BA77000D95E2 /* Days.swift in Sources */,
				66B69D082D94EA6800F63B48 /* Utils.swift in Sources */,
			);
			runOnlyForDeploymentPostprocessing = 0;
		};
/* End PBXSourcesBuildPhase section */

/* Begin XCBuildConfiguration section */
		66B69CFC2D94E71100F63B48 /* Debug */ = {
			isa = XCBuildConfiguration;
			buildSettings = {
				CODE_SIGN_STYLE = Automatic;
				CURRENT_PROJECT_VERSION = 1;
				DEVELOPMENT_TEAM = B47EZERG93;
				GENERATE_INFOPLIST_FILE = YES;
				MACOSX_DEPLOYMENT_TARGET = 14.7;
				MARKETING_VERSION = 1.0;
				PRODUCT_BUNDLE_IDENTIFIER = "com.route42north.AoC-Tests";
				PRODUCT_NAME = "$(TARGET_NAME)";
				SWIFT_EMIT_LOC_STRINGS = NO;
				SWIFT_VERSION = 5.0;
			};
			name = Debug;
		};
		66B69CFD2D94E71100F63B48 /* Release */ = {
			isa = XCBuildConfiguration;
			buildSettings = {
				CODE_SIGN_STYLE = Automatic;
				CURRENT_PROJECT_VERSION = 1;
				DEVELOPMENT_TEAM = B47EZERG93;
				GENERATE_INFOPLIST_FILE = YES;
				MACOSX_DEPLOYMENT_TARGET = 14.7;
				MARKETING_VERSION = 1.0;
				PRODUCT_BUNDLE_IDENTIFIER = "com.route42north.AoC-Tests";
				PRODUCT_NAME = "$(TARGET_NAME)";
				SWIFT_EMIT_LOC_STRINGS = NO;
				SWIFT_VERSION = 5.0;
			};
			name = Release;
		};
		66E5E74D2D9354F0000D95E2 /* Debug */ = {
			isa = XCBuildConfiguration;
			buildSettings = {
				ALWAYS_SEARCH_USER_PATHS = NO;
				ASSETCATALOG_COMPILER_GENERATE_SWIFT_ASSET_SYMBOL_EXTENSIONS = YES;
				CLANG_ANALYZER_NONNULL = YES;
				CLANG_ANALYZER_NUMBER_OBJECT_CONVERSION = YES_AGGRESSIVE;
				CLANG_CXX_LANGUAGE_STANDARD = "gnu++20";
				CLANG_ENABLE_MODULES = YES;
				CLANG_ENABLE_OBJC_ARC = YES;
				CLANG_ENABLE_OBJC_WEAK = YES;
				CLANG_WARN_BLOCK_CAPTURE_AUTORELEASING = YES;
				CLANG_WARN_BOOL_CONVERSION = YES;
				CLANG_WARN_COMMA = YES;
				CLANG_WARN_CONSTANT_CONVERSION = YES;
				CLANG_WARN_DEPRECATED_OBJC_IMPLEMENTATIONS = YES;
				CLANG_WARN_DIRECT_OBJC_ISA_USAGE = YES_ERROR;
				CLANG_WARN_DOCUMENTATION_COMMENTS = YES;
				CLANG_WARN_EMPTY_BODY = YES;
				CLANG_WARN_ENUM_CONVERSION = YES;
				CLANG_WARN_INFINITE_RECURSION = YES;
				CLANG_WARN_INT_CONVERSION = YES;
				CLANG_WARN_NON_LITERAL_NULL_CONVERSION = YES;
				CLANG_WARN_OBJC_IMPLICIT_RETAIN_SELF = YES;
				CLANG_WARN_OBJC_LITERAL_CONVERSION = YES;
				CLANG_WARN_OBJC_ROOT_CLASS = YES_ERROR;
				CLANG_WARN_QUOTED_INCLUDE_IN_FRAMEWORK_HEADER = YES;
				CLANG_WARN_RANGE_LOOP_ANALYSIS = YES;
				CLANG_WARN_STRICT_PROTOTYPES = YES;
				CLANG_WARN_SUSPICIOUS_MOVE = YES;
				CLANG_WARN_UNGUARDED_AVAILABILITY = YES_AGGRESSIVE;
				CLANG_WARN_UNREACHABLE_CODE = YES;
				CLANG_WARN__DUPLICATE_METHOD_MATCH = YES;
				COPY_PHASE_STRIP = NO;
				DEBUG_INFORMATION_FORMAT = dwarf;
				ENABLE_STRICT_OBJC_MSGSEND = YES;
				ENABLE_TESTABILITY = YES;
				ENABLE_USER_SCRIPT_SANDBOXING = YES;
				GCC_C_LANGUAGE_STANDARD = gnu17;
				GCC_DYNAMIC_NO_PIC = NO;
				GCC_NO_COMMON_BLOCKS = YES;
				GCC_OPTIMIZATION_LEVEL = 0;
				GCC_PREPROCESSOR_DEFINITIONS = (
					"DEBUG=1",
					"$(inherited)",
				);
				GCC_WARN_64_TO_32_BIT_CONVERSION = YES;
				GCC_WARN_ABOUT_RETURN_TYPE = YES_ERROR;
				GCC_WARN_UNDECLARED_SELECTOR = YES;
				GCC_WARN_UNINITIALIZED_AUTOS = YES_AGGRESSIVE;
				GCC_WARN_UNUSED_FUNCTION = YES;
				GCC_WARN_UNUSED_VARIABLE = YES;
				LOCALIZATION_PREFERS_STRING_CATALOGS = YES;
				MACOSX_DEPLOYMENT_TARGET = 15.2;
				MTL_ENABLE_DEBUG_INFO = INCLUDE_SOURCE;
				MTL_FAST_MATH = YES;
				ONLY_ACTIVE_ARCH = YES;
				SDKROOT = macosx;
				SWIFT_ACTIVE_COMPILATION_CONDITIONS = "DEBUG $(inherited)";
				SWIFT_OPTIMIZATION_LEVEL = "-Onone";
			};
			name = Debug;
		};
		66E5E74E2D9354F0000D95E2 /* Release */ = {
			isa = XCBuildConfiguration;
			buildSettings = {
				ALWAYS_SEARCH_USER_PATHS = NO;
				ASSETCATALOG_COMPILER_GENERATE_SWIFT_ASSET_SYMBOL_EXTENSIONS = YES;
				CLANG_ANALYZER_NONNULL = YES;
				CLANG_ANALYZER_NUMBER_OBJECT_CONVERSION = YES_AGGRESSIVE;
				CLANG_CXX_LANGUAGE_STANDARD = "gnu++20";
				CLANG_ENABLE_MODULES = YES;
				CLANG_ENABLE_OBJC_ARC = YES;
				CLANG_ENABLE_OBJC_WEAK = YES;
				CLANG_WARN_BLOCK_CAPTURE_AUTORELEASING = YES;
				CLANG_WARN_BOOL_CONVERSION = YES;
				CLANG_WARN_COMMA = YES;
				CLANG_WARN_CONSTANT_CONVERSION = YES;
				CLANG_WARN_DEPRECATED_OBJC_IMPLEMENTATIONS = YES;
				CLANG_WARN_DIRECT_OBJC_ISA_USAGE = YES_ERROR;
				CLANG_WARN_DOCUMENTATION_COMMENTS = YES;
				CLANG_WARN_EMPTY_BODY = YES;
				CLANG_WARN_ENUM_CONVERSION = YES;
				CLANG_WARN_INFINITE_RECURSION = YES;
				CLANG_WARN_INT_CONVERSION = YES;
				CLANG_WARN_NON_LITERAL_NULL_CONVERSION = YES;
				CLANG_WARN_OBJC_IMPLICIT_RETAIN_SELF = YES;
				CLANG_WARN_OBJC_LITERAL_CONVERSION = YES;
				CLANG_WARN_OBJC_ROOT_CLASS = YES_ERROR;
				CLANG_WARN_QUOTED_INCLUDE_IN_FRAMEWORK_HEADER = YES;
				CLANG_WARN_RANGE_LOOP_ANALYSIS = YES;
				CLANG_WARN_STRICT_PROTOTYPES = YES;
				CLANG_WARN_SUSPICIOUS_MOVE = YES;
				CLANG_WARN_UNGUARDED_AVAILABILITY = YES_AGGRESSIVE;
				CLANG_WARN_UNREACHABLE_CODE = YES;
				CLANG_WARN__DUPLICATE_METHOD_MATCH = YES;
				COPY_PHASE_STRIP = NO;
				DEBUG_INFORMATION_FORMAT = "dwarf-with-dsym";
				ENABLE_NS_ASSERTIONS = NO;
				ENABLE_STRICT_OBJC_MSGSEND = YES;
				ENABLE_USER_SCRIPT_SANDBOXING = YES;
				GCC_C_LANGUAGE_STANDARD = gnu17;
				GCC_NO_COMMON_BLOCKS = YES;
				GCC_WARN_64_TO_32_BIT_CONVERSION = YES;
				GCC_WARN_ABOUT_RETURN_TYPE = YES_ERROR;
				GCC_WARN_UNDECLARED_SELECTOR = YES;
				GCC_WARN_UNINITIALIZED_AUTOS = YES_AGGRESSIVE;
				GCC_WARN_UNUSED_FUNCTION = YES;
				GCC_WARN_UNUSED_VARIABLE = YES;
				LOCALIZATION_PREFERS_STRING_CATALOGS = YES;
				MACOSX_DEPLOYMENT_TARGET = 15.2;
				MTL_ENABLE_DEBUG_INFO = NO;
				MTL_FAST_MATH = YES;
				SDKROOT = macosx;
				SWIFT_COMPILATION_MODE = wholemodule;
			};
			name = Release;
		};
		66E5E7502D9354F0000D95E2 /* Debug */ = {
			isa = XCBuildConfiguration;
			buildSettings = {
				CODE_SIGN_STYLE = Automatic;
				DEVELOPMENT_TEAM = B47EZERG93;
				ENABLE_HARDENED_RUNTIME = YES;
				MACOSX_DEPLOYMENT_TARGET = 14.6;
				PRODUCT_NAME = "$(TARGET_NAME)";
				SWIFT_VERSION = 5.0;
			};
			name = Debug;
		};
		66E5E7512D9354F0000D95E2 /* Release */ = {
			isa = XCBuildConfiguration;
			buildSettings = {
				CODE_SIGN_STYLE = Automatic;
				DEVELOPMENT_TEAM = B47EZERG93;
				ENABLE_HARDENED_RUNTIME = YES;
				MACOSX_DEPLOYMENT_TARGET = 14.6;
				PRODUCT_NAME = "$(TARGET_NAME)";
				SWIFT_VERSION = 5.0;
			};
			name = Release;
		};
/* End XCBuildConfiguration section */

/* Begin XCConfigurationList section */
		66B69CFB2D94E71100F63B48 /* Build configuration list for PBXNativeTarget "AoC-Tests" */ = {
			isa = XCConfigurationList;
			buildConfigurations = (
				66B69CFC2D94E71100F63B48 /* Debug */,
				66B69CFD2D94E71100F63B48 /* Release */,
			);
			defaultConfigurationIsVisible = 0;
			defaultConfigurationName = Release;
		};
		66E5E7432D9354F0000D95E2 /* Build configuration list for PBXProject "AoC" */ = {
			isa = XCConfigurationList;
			buildConfigurations = (
				66E5E74D2D9354F0000D95E2 /* Debug */,
				66E5E74E2D9354F0000D95E2 /* Release */,
			);
			defaultConfigurationIsVisible = 0;
			defaultConfigurationName = Release;
		};
		66E5E74F2D9354F0000D95E2 /* Build configuration list for PBXNativeTarget "AoC" */ = {
			isa = XCConfigurationList;
			buildConfigurations = (
				66E5E7502D9354F0000D95E2 /* Debug */,
				66E5E7512D9354F0000D95E2 /* Release */,
			);
			defaultConfigurationIsVisible = 0;
			defaultConfigurationName = Release;
		};
/* End XCConfigurationList section */
	};
	rootObject = 66E5E7402D9354F0000D95E2 /* Project object */;
}
